
Microsoft Visual Studio Solution File, Format Version 12.00
# Visual Studio Version 16
VisualStudioVersion = 16.0.31702.278
MinimumVisualStudioVersion = 10.0.40219.1
Project("{FAE04EC0-301F-11D3-BF4B-00C04F79EFBC}") = "KovdryaVA_3ISP11-12", "KovdryaVA_3ISP11-12\KovdryaVA_3ISP11-12.csproj", "{4F4E0E0E-A022-4A0A-B3BA-4C769370DAEA}"
EndProject
Global
	GlobalSection(SolutionConfigurationPlatforms) = preSolution
		Debug|Any CPU = Debug|Any CPU
		Release|Any CPU = Release|Any CPU
	EndGlobalSection
	GlobalSection(ProjectConfigurationPlatforms) = postSolution
		{4F4E0E0E-A022-4A0A-B3BA-4C769370DAEA}.Debug|Any CPU.ActiveCfg = Debug|Any CPU
		{4F4E0E0E-A022-4A0A-B3BA-4C769370DAEA}.Debug|Any CPU.Build.0 = Debug|Any CPU
		{4F4E0E0E-A022-4A0A-B3BA-4C769370DAEA}.Release|Any CPU.ActiveCfg = Release|Any CPU
		{4F4E0E0E-A022-4A0A-B3BA-4C769370DAEA}.Release|Any CPU.Build.0 = Release|Any CPU
	EndGlobalSection
	GlobalSection(SolutionProperties) = preSolution
		HideSolutionNode = FALSE
	EndGlobalSection
	GlobalSection(ExtensibilityGlobals) = postSolution
		SolutionGuid = {5671A6BB-707A-44B3-B6BC-1412288354CE}
	EndGlobalSection
EndGlobal
